
Microsoft Visual Studio Solution File, Format Version 12.00
# Visual Studio Version 16
VisualStudioVersion = 16.0.31112.23
MinimumVisualStudioVersion = 10.0.40219.1
Project("{FAE04EC0-301F-11D3-BF4B-00C04F79EFBC}") = "ReservaUnica", "ReservaUnica\ReservaUnica.csproj", "{86681D62-7EFD-4EDB-B7D7-2C480CE4D958}"
EndProject
Global
	GlobalSection(SolutionConfigurationPlatforms) = preSolution
		Debug|Any CPU = Debug|Any CPU
		Release|Any CPU = Release|Any CPU
	EndGlobalSection
	GlobalSection(ProjectConfigurationPlatforms) = postSolution
		{86681D62-7EFD-4EDB-B7D7-2C480CE4D958}.Debug|Any CPU.ActiveCfg = Debug|Any CPU
		{86681D62-7EFD-4EDB-B7D7-2C480CE4D958}.Debug|Any CPU.Build.0 = Debug|Any CPU
		{86681D62-7EFD-4EDB-B7D7-2C480CE4D958}.Release|Any CPU.ActiveCfg = Release|Any CPU
		{86681D62-7EFD-4EDB-B7D7-2C480CE4D958}.Release|Any CPU.Build.0 = Release|Any CPU
	EndGlobalSection
	GlobalSection(SolutionProperties) = preSolution
		HideSolutionNode = FALSE
	EndGlobalSection
	GlobalSection(ExtensibilityGlobals) = postSolution
		SolutionGuid = {DFEC3371-5BA1-492C-9F01-7A195C8A73CC}
	EndGlobalSection
EndGlobal
